
Microsoft Visual Studio Solution File, Format Version 12.00
# Visual Studio Version 16
VisualStudioVersion = 16.0.31624.102
MinimumVisualStudioVersion = 10.0.40219.1
Project("{FAE04EC0-301F-11D3-BF4B-00C04F79EFBC}") = "4. Markov Chain Sentence Generator", "4. Markov Chain Sentence Generator.csproj", "{5A6B4927-0E52-4751-A7A1-121865905E36}"
EndProject
Global
	GlobalSection(SolutionConfigurationPlatforms) = preSolution
		Debug|Any CPU = Debug|Any CPU
		Release|Any CPU = Release|Any CPU
	EndGlobalSection
	GlobalSection(ProjectConfigurationPlatforms) = postSolution
		{5A6B4927-0E52-4751-A7A1-121865905E36}.Debug|Any CPU.ActiveCfg = Debug|Any CPU
		{5A6B4927-0E52-4751-A7A1-121865905E36}.Debug|Any CPU.Build.0 = Debug|Any CPU
		{5A6B4927-0E52-4751-A7A1-121865905E36}.Release|Any CPU.ActiveCfg = Release|Any CPU
		{5A6B4927-0E52-4751-A7A1-121865905E36}.Release|Any CPU.Build.0 = Release|Any CPU
	EndGlobalSection
	GlobalSection(SolutionProperties) = preSolution
		HideSolutionNode = FALSE
	EndGlobalSection
	GlobalSection(ExtensibilityGlobals) = postSolution
		SolutionGuid = {45E495BC-19D1-43AE-89BF-77D63E80CD46}
	EndGlobalSection
EndGlobal
